{
  "name": "joi-mobile-number",
  "version": "1.0.3",
  "lockfileVersion": 1,
  "requires": true,
  "dependencies": {
    "@hapi/address": {
      "version": "2.0.0",
      "resolved": "https://registry.npmjs.org/@hapi/address/-/address-2.0.0.tgz",
      "integrity": "sha512-mV6T0IYqb0xL1UALPFplXYQmR0twnXG0M6jUswpquqT2sD12BOiCiLy3EvMp/Fy7s3DZElC4/aPjEjo2jeZpvw=="
    },
    "@hapi/hoek": {
      "version": "6.2.1",
      "resolved": "https://registry.npmjs.org/@hapi/hoek/-/hoek-6.2.1.tgz",
      "integrity": "sha512-+ryw4GU9pjr1uT6lBuErHJg3NYqzwJTvZ75nKuJijEzpd00Uqi6oiawTGDDf5Hl0zWmI7qHfOtaqB0kpQZJQzA=="
    },
    "@hapi/joi": {
      "version": "15.0.1",
      "resolved": "https://registry.npmjs.org/@hapi/joi/-/joi-15.0.1.tgz",
      "integrity": "sha512-6RLoFusVbSkKjo51IGy7TT72TYKaks3OLKRV4Wy4E8f0Vt2oqKBgtG+8VMnbruy+M4iLItiLYjETX7mQqklObQ==",
      "requires": {
        "@hapi/address": "2.x.x",
        "@hapi/hoek": "6.x.x",
        "@hapi/topo": "3.x.x"
      }
    },
    "@hapi/topo": {
      "version": "3.1.0",
      "resolved": "https://registry.npmjs.org/@hapi/topo/-/topo-3.1.0.tgz",
      "integrity": "sha512-gZDI/eXOIk8kP2PkUKjWu9RW8GGVd2Hkgjxyr/S7Z+JF+0mr7bAlbw+DkTRxnD580o8Kqxlnba9wvqp5aOHBww==",
      "requires": {
        "@hapi/hoek": "6.x.x"
      }
    },
    "google-libphonenumber": {
      "version": "3.2.12",
      "resolved": "https://registry.npmjs.org/google-libphonenumber/-/google-libphonenumber-3.2.12.tgz",
      "integrity": "sha512-vuDYnYNlCDQpIo5j7QDJTz2FNVAAuJZtbQ/khZgT6UBuRJV5GVQIQbOAdjTgu2uH4OFVChKAHQl8a2rgMnezOQ=="
    }
  }
}
